
Microsoft Visual Studio Solution File, Format Version 12.00
# Visual Studio Version 17
VisualStudioVersion = 17.4.33213.308
MinimumVisualStudioVersion = 10.0.40219.1
Project("{FAE04EC0-301F-11D3-BF4B-00C04F79EFBC}") = "SalesWebMVC", "SalesWebMVC\SalesWebMVC.csproj", "{5F4BDDEA-6CA1-4CCD-96AC-1E27BE068EFB}"
EndProject
Global
	GlobalSection(SolutionConfigurationPlatforms) = preSolution
		Debug|Any CPU = Debug|Any CPU
		Release|Any CPU = Release|Any CPU
	EndGlobalSection
	GlobalSection(ProjectConfigurationPlatforms) = postSolution
		{5F4BDDEA-6CA1-4CCD-96AC-1E27BE068EFB}.Debug|Any CPU.ActiveCfg = Debug|Any CPU
		{5F4BDDEA-6CA1-4CCD-96AC-1E27BE068EFB}.Debug|Any CPU.Build.0 = Debug|Any CPU
		{5F4BDDEA-6CA1-4CCD-96AC-1E27BE068EFB}.Release|Any CPU.ActiveCfg = Release|Any CPU
		{5F4BDDEA-6CA1-4CCD-96AC-1E27BE068EFB}.Release|Any CPU.Build.0 = Release|Any CPU
	EndGlobalSection
	GlobalSection(SolutionProperties) = preSolution
		HideSolutionNode = FALSE
	EndGlobalSection
	GlobalSection(ExtensibilityGlobals) = postSolution
		SolutionGuid = {45AC0845-9182-4657-81B8-D83456C667BD}
	EndGlobalSection
EndGlobal
